// !$*UTF8*$!
{
	archiveVersion = 1;
	classes = {
	};
	objectVersion = 50;
	objects = {

/* Begin PBXBuildFile section */
		2762F11E21903EB0002AE6A6 /* AppDelegate.m in Sources */ = {isa = PBXBuildFile; fileRef = 2762F11D21903EB0002AE6A6 /* AppDelegate.m */; };
		2762F12121903EB0002AE6A6 /* ViewController.m in Sources */ = {isa = PBXBuildFile; fileRef = 2762F12021903EB0002AE6A6 /* ViewController.m */; };
		2762F12421903EB0002AE6A6 /* Main.storyboard in Resources */ = {isa = PBXBuildFile; fileRef = 2762F12221903EB0002AE6A6 /* Main.storyboard */; };
		2762F12621903EBE002AE6A6 /* Assets.xcassets in Resources */ = {isa = PBXBuildFile; fileRef = 2762F12521903EBE002AE6A6 /* Assets.xcassets */; };
		2762F12921903EBE002AE6A6 /* LaunchScreen.storyboard in Resources */ = {isa = PBXBuildFile; fileRef = 2762F12721903EBE002AE6A6 /* LaunchScreen.storyboard */; };
		2762F12C21903EBE002AE6A6 /* main.m in Sources */ = {isa = PBXBuildFile; fileRef = 2762F12B21903EBE002AE6A6 /* main.m */; };
		2762F13621903EBF002AE6A6 /* _______Tests.m in Sources */ = {isa = PBXBuildFile; fileRef = 2762F13521903EBF002AE6A6 /* _______Tests.m */; };
		2762F14121903EBF002AE6A6 /* _______UITests.m in Sources */ = {isa = PBXBuildFile; fileRef = 2762F14021903EBF002AE6A6 /* _______UITests.m */; };
/* End PBXBuildFile section */

/* Begin PBXContainerItemProxy section */
		2762F13221903EBF002AE6A6 /* PBXContainerItemProxy */ = {
			isa = PBXContainerItemProxy;
			containerPortal = 2762F11121903EB0002AE6A6 /* Project object */;
			proxyType = 1;
			remoteGlobalIDString = 2762F11821903EB0002AE6A6;
			remoteInfo = "竖向滑动选项卡";
		};
		2762F13D21903EBF002AE6A6 /* PBXContainerItemProxy */ = {
			isa = PBXContainerItemProxy;
			containerPortal = 2762F11121903EB0002AE6A6 /* Project object */;
			proxyType = 1;
			remoteGlobalIDString = 2762F11821903EB0002AE6A6;
			remoteInfo = "竖向滑动选项卡";
		};
/* End PBXContainerItemProxy section */

/* Begin PBXFileReference section */
		2762F11921903EB0002AE6A6 /* 竖向滑动选项卡.app */ = {isa = PBXFileReference; explicitFileType = wrapper.application; includeInIndex = 0; path = "竖向滑动选项卡.app"; sourceTree = BUILT_PRODUCTS_DIR; };
		2762F11C21903EB0002AE6A6 /* AppDelegate.h */ = {isa = PBXFileReference; lastKnownFileType = sourcecode.c.h; path = AppDelegate.h; sourceTree = "<group>"; };
		2762F11D21903EB0002AE6A6 /* AppDelegate.m */ = {isa = PBXFileReference; lastKnownFileType = sourcecode.c.objc; path = AppDelegate.m; sourceTree = "<group>"; };
		2762F11F21903EB0002AE6A6 /* ViewController.h */ = {isa = PBXFileReference; lastKnownFileType = sourcecode.c.h; path = ViewController.h; sourceTree = "<group>"; };
		2762F12021903EB0002AE6A6 /* ViewController.m */ = {isa = PBXFileReference; lastKnownFileType = sourcecode.c.objc; path = ViewController.m; sourceTree = "<group>"; };
		2762F12321903EB0002AE6A6 /* Base */ = {isa = PBXFileReference; lastKnownFileType = file.storyboard; name = Base; path = Base.lproj/Main.storyboard; sourceTree = "<group>"; };
		2762F12521903EBE002AE6A6 /* Assets.xcassets */ = {isa = PBXFileReference; lastKnownFileType = folder.assetcatalog; path = Assets.xcassets; sourceTree = "<group>"; };
		2762F12821903EBE002AE6A6 /* Base */ = {isa = PBXFileReference; lastKnownFileType = file.storyboard; name = Base; path = Base.lproj/LaunchScreen.storyboard; sourceTree = "<group>"; };
		2762F12A21903EBE002AE6A6 /* Info.plist */ = {isa = PBXFileReference; lastKnownFileType = text.plist.xml; path = Info.plist; sourceTree = "<group>"; };
		2762F12B21903EBE002AE6A6 /* main.m */ = {isa = PBXFileReference; lastKnownFileType = sourcecode.c.objc; path = main.m; sourceTree = "<group>"; };
		2762F13121903EBF002AE6A6 /* 竖向滑动选项卡Tests.xctest */ = {isa = PBXFileReference; explicitFileType = wrapper.cfbundle; includeInIndex = 0; path = "竖向滑动选项卡Tests.xctest"; sourceTree = BUILT_PRODUCTS_DIR; };
		2762F13521903EBF002AE6A6 /* _______Tests.m */ = {isa = PBXFileReference; lastKnownFileType = sourcecode.c.objc; path = "_______Tests.m"; sourceTree = "<group>"; };
		2762F13721903EBF002AE6A6 /* Info.plist */ = {isa = PBXFileReference; lastKnownFileType = text.plist.xml; path = Info.plist; sourceTree = "<group>"; };
		2762F13C21903EBF002AE6A6 /* 竖向滑动选项卡UITests.xctest */ = {isa = PBXFileReference; explicitFileType = wrapper.cfbundle; includeInIndex = 0; path = "竖向滑动选项卡UITests.xctest"; sourceTree = BUILT_PRODUCTS_DIR; };
		2762F14021903EBF002AE6A6 /* _______UITests.m */ = {isa = PBXFileReference; lastKnownFileType = sourcecode.c.objc; path = "_______UITests.m"; sourceTree = "<group>"; };
		2762F14221903EBF002AE6A6 /* Info.plist */ = {isa = PBXFileReference; lastKnownFileType = text.plist.xml; path = Info.plist; sourceTree = "<group>"; };
/* End PBXFileReference section */

/* Begin PBXFrameworksBuildPhase section */
		2762F11621903EB0002AE6A6 /* Frameworks */ = {
			isa = PBXFrameworksBuildPhase;
			buildActionMask = 2147483647;
			files = (
			);
			runOnlyForDeploymentPostprocessing = 0;
		};
		2762F12E21903EBF002AE6A6 /* Frameworks */ = {
			isa = PBXFrameworksBuildPhase;
			buildActionMask = 2147483647;
			files = (
			);
			runOnlyForDeploymentPostprocessing = 0;
		};
		2762F13921903EBF002AE6A6 /* Frameworks */ = {
			isa = PBXFrameworksBuildPhase;
			buildActionMask = 2147483647;
			files = (
			);
			runOnlyForDeploymentPostprocessing = 0;
		};
/* End PBXFrameworksBuildPhase section */

/* Begin PBXGroup section */
		2762F11021903EB0002AE6A6 = {
			isa = PBXGroup;
			children = (
				2762F11B21903EB0002AE6A6 /* 竖向滑动选项卡 */,
				2762F13421903EBF002AE6A6 /* 竖向滑动选项卡Tests */,
				2762F13F21903EBF002AE6A6 /* 竖向滑动选项卡UITests */,
				2762F11A21903EB0002AE6A6 /* Products */,
			);
			sourceTree = "<group>";
		};
		2762F11A21903EB0002AE6A6 /* Products */ = {
			isa = PBXGroup;
			children = (
				2762F11921903EB0002AE6A6 /* 竖向滑动选项卡.app */,
				2762F13121903EBF002AE6A6 /* 竖向滑动选项卡Tests.xctest */,
				2762F13C21903EBF002AE6A6 /* 竖向滑动选项卡UITests.xctest */,
			);
			name = Products;
			sourceTree = "<group>";
		};
		2762F11B21903EB0002AE6A6 /* 竖向滑动选项卡 */ = {
			isa = PBXGroup;
			children = (
				2762F11C21903EB0002AE6A6 /* AppDelegate.h */,
				2762F11D21903EB0002AE6A6 /* AppDelegate.m */,
				2762F11F21903EB0002AE6A6 /* ViewController.h */,
				2762F12021903EB0002AE6A6 /* ViewController.m */,
				2762F12221903EB0002AE6A6 /* Main.storyboard */,
				2762F12521903EBE002AE6A6 /* Assets.xcassets */,
				2762F12721903EBE002AE6A6 /* LaunchScreen.storyboard */,
				2762F12A21903EBE002AE6A6 /* Info.plist */,
				2762F12B21903EBE002AE6A6 /* main.m */,
			);
			path = "竖向滑动选项卡";
			sourceTree = "<group>";
		};
		2762F13421903EBF002AE6A6 /* 竖向滑动选项卡Tests */ = {
			isa = PBXGroup;
			children = (
				2762F13521903EBF002AE6A6 /* _______Tests.m */,
				2762F13721903EBF002AE6A6 /* Info.plist */,
			);
			path = "竖向滑动选项卡Tests";
			sourceTree = "<group>";
		};
		2762F13F21903EBF002AE6A6 /* 竖向滑动选项卡UITests */ = {
			isa = PBXGroup;
			children = (
				2762F14021903EBF002AE6A6 /* _______UITests.m */,
				2762F14221903EBF002AE6A6 /* Info.plist */,
			);
			path = "竖向滑动选项卡UITests";
			sourceTree = "<group>";
		};
/* End PBXGroup section */

/* Begin PBXNativeTarget section */
		2762F11821903EB0002AE6A6 /* 竖向滑动选项卡 */ = {
			isa = PBXNativeTarget;
			buildConfigurationList = 2762F14521903EBF002AE6A6 /* Build configuration list for PBXNativeTarget "竖向滑动选项卡" */;
			buildPhases = (
				2762F11521903EB0002AE6A6 /* Sources */,
				2762F11621903EB0002AE6A6 /* Frameworks */,
				2762F11721903EB0002AE6A6 /* Resources */,
			);
			buildRules = (
			);
			dependencies = (
			);
			name = "竖向滑动选项卡";
			productName = "竖向滑动选项卡";
			productReference = 2762F11921903EB0002AE6A6 /* 竖向滑动选项卡.app */;
			productType = "com.apple.product-type.application";
		};
		2762F13021903EBF002AE6A6 /* 竖向滑动选项卡Tests */ = {
			isa = PBXNativeTarget;
			buildConfigurationList = 2762F14821903EBF002AE6A6 /* Build configuration list for PBXNativeTarget "竖向滑动选项卡Tests" */;
			buildPhases = (
				2762F12D21903EBF002AE6A6 /* Sources */,
				2762F12E21903EBF002AE6A6 /* Frameworks */,
				2762F12F21903EBF002AE6A6 /* Resources */,
			);
			buildRules = (
			);
			dependencies = (
				2762F13321903EBF002AE6A6 /* PBXTargetDependency */,
			);
			name = "竖向滑动选项卡Tests";
			productName = "竖向滑动选项卡Tests";
			productReference = 2762F13121903EBF002AE6A6 /* 竖向滑动选项卡Tests.xctest */;
			productType = "com.apple.product-type.bundle.unit-test";
		};
		2762F13B21903EBF002AE6A6 /* 竖向滑动选项卡UITests */ = {
			isa = PBXNativeTarget;
			buildConfigurationList = 2762F14B21903EBF002AE6A6 /* Build configuration list for PBXNativeTarget "竖向滑动选项卡UITests" */;
			buildPhases = (
				2762F13821903EBF002AE6A6 /* Sources */,
				2762F13921903EBF002AE6A6 /* Frameworks */,
				2762F13A21903EBF002AE6A6 /* Resources */,
			);
			buildRules = (
			);
			dependencies = (
				2762F13E21903EBF002AE6A6 /* PBXTargetDependency */,
			);
			name = "竖向滑动选项卡UITests";
			productName = "竖向滑动选项卡UITests";
			productReference = 2762F13C21903EBF002AE6A6 /* 竖向滑动选项卡UITests.xctest */;
			productType = "com.apple.product-type.bundle.ui-testing";
		};
/* End PBXNativeTarget section */

/* Begin PBXProject section */
		2762F11121903EB0002AE6A6 /* Project object */ = {
			isa = PBXProject;
			attributes = {
				LastUpgradeCheck = 1000;
				ORGANIZATIONNAME = "尤艺琪";
				TargetAttributes = {
					2762F11821903EB0002AE6A6 = {
						CreatedOnToolsVersion = 10.0;
					};
					2762F13021903EBF002AE6A6 = {
						CreatedOnToolsVersion = 10.0;
						TestTargetID = 2762F11821903EB0002AE6A6;
					};
					2762F13B21903EBF002AE6A6 = {
						CreatedOnToolsVersion = 10.0;
						TestTargetID = 2762F11821903EB0002AE6A6;
					};
				};
			};
			buildConfigurationList = 2762F11421903EB0002AE6A6 /* Build configuration list for PBXProject "竖向滑动选项卡" */;
			compatibilityVersion = "Xcode 9.3";
			developmentRegion = en;
			hasScannedForEncodings = 0;
			knownRegions = (
				en,
				Base,
			);
			mainGroup = 2762F11021903EB0002AE6A6;
			productRefGroup = 2762F11A21903EB0002AE6A6 /* Products */;
			projectDirPath = "";
			projectRoot = "";
			targets = (
				2762F11821903EB0002AE6A6 /* 竖向滑动选项卡 */,
				2762F13021903EBF002AE6A6 /* 竖向滑动选项卡Tests */,
				2762F13B21903EBF002AE6A6 /* 竖向滑动选项卡UITests */,
			);
		};
/* End PBXProject section */

/* Begin PBXResourcesBuildPhase section */
		2762F11721903EB0002AE6A6 /* Resources */ = {
			isa = PBXResourcesBuildPhase;
			buildActionMask = 2147483647;
			files = (
				2762F12921903EBE002AE6A6 /* LaunchScreen.storyboard in Resources */,
				2762F12621903EBE002AE6A6 /* Assets.xcassets in Resources */,
				2762F12421903EB0002AE6A6 /* Main.storyboard in Resources */,
			);
			runOnlyForDeploymentPostprocessing = 0;
		};
		2762F12F21903EBF002AE6A6 /* Resources */ = {
			isa = PBXResourcesBuildPhase;
			buildActionMask = 2147483647;
			files = (
			);
			runOnlyForDeploymentPostprocessing = 0;
		};
		2762F13A21903EBF002AE6A6 /* Resources */ = {
			isa = PBXResourcesBuildPhase;
			buildActionMask = 2147483647;
			files = (
			);
			runOnlyForDeploymentPostprocessing = 0;
		};
/* End PBXResourcesBuildPhase section */

/* Begin PBXSourcesBuildPhase section */
		2762F11521903EB0002AE6A6 /* Sources */ = {
			isa = PBXSourcesBuildPhase;
			buildActionMask = 2147483647;
			files = (
				2762F12121903EB0002AE6A6 /* ViewController.m in Sources */,
				2762F12C21903EBE002AE6A6 /* main.m in Sources */,
				2762F11E21903EB0002AE6A6 /* AppDelegate.m in Sources */,
			);
			runOnlyForDeploymentPostprocessing = 0;
		};
		2762F12D21903EBF002AE6A6 /* Sources */ = {
			isa = PBXSourcesBuildPhase;
			buildActionMask = 2147483647;
			files = (
				2762F13621903EBF002AE6A6 /* _______Tests.m in Sources */,
			);
			runOnlyForDeploymentPostprocessing = 0;
		};
		2762F13821903EBF002AE6A6 /* Sources */ = {
			isa = PBXSourcesBuildPhase;
			buildActionMask = 2147483647;
			files = (
				2762F14121903EBF002AE6A6 /* _______UITests.m in Sources */,
			);
			runOnlyForDeploymentPostprocessing = 0;
		};
/* End PBXSourcesBuildPhase section */

/* Begin PBXTargetDependency section */
		2762F13321903EBF002AE6A6 /* PBXTargetDependency */ = {
			isa = PBXTargetDependency;
			target = 2762F11821903EB0002AE6A6 /* 竖向滑动选项卡 */;
			targetProxy = 2762F13221903EBF002AE6A6 /* PBXContainerItemProxy */;
		};
		2762F13E21903EBF002AE6A6 /* PBXTargetDependency */ = {
			isa = PBXTargetDependency;
			target = 2762F11821903EB0002AE6A6 /* 竖向滑动选项卡 */;
			targetProxy = 2762F13D21903EBF002AE6A6 /* PBXContainerItemProxy */;
		};
/* End PBXTargetDependency section */

/* Begin PBXVariantGroup section */
		2762F12221903EB0002AE6A6 /* Main.storyboard */ = {
			isa = PBXVariantGroup;
			children = (
				2762F12321903EB0002AE6A6 /* Base */,
			);
			name = Main.storyboard;
			sourceTree = "<group>";
		};
		2762F12721903EBE002AE6A6 /* LaunchScreen.storyboard */ = {
			isa = PBXVariantGroup;
			children = (
				2762F12821903EBE002AE6A6 /* Base */,
			);
			name = LaunchScreen.storyboard;
			sourceTree = "<group>";
		};
/* End PBXVariantGroup section */

/* Begin XCBuildConfiguration section */
		2762F14321903EBF002AE6A6 /* Debug */ = {
			isa = XCBuildConfiguration;
			buildSettings = {
				ALWAYS_SEARCH_USER_PATHS = NO;
				CLANG_ANALYZER_NONNULL = YES;
				CLANG_ANALYZER_NUMBER_OBJECT_CONVERSION = YES_AGGRESSIVE;
				CLANG_CXX_LANGUAGE_STANDARD = "gnu++14";
				CLANG_CXX_LIBRARY = "libc++";
				CLANG_ENABLE_MODULES = YES;
				CLANG_ENABLE_OBJC_ARC = YES;
				CLANG_ENABLE_OBJC_WEAK = YES;
				CLANG_WARN_BLOCK_CAPTURE_AUTORELEASING = YES;
				CLANG_WARN_BOOL_CONVERSION = YES;
				CLANG_WARN_COMMA = YES;
				CLANG_WARN_CONSTANT_CONVERSION = YES;
				CLANG_WARN_DEPRECATED_OBJC_IMPLEMENTATIONS = YES;
				CLANG_WARN_DIRECT_OBJC_ISA_USAGE = YES_ERROR;
				CLANG_WARN_DOCUMENTATION_COMMENTS = YES;
				CLANG_WARN_EMPTY_BODY = YES;
				CLANG_WARN_ENUM_CONVERSION = YES;
				CLANG_WARN_INFINITE_RECURSION = YES;
				CLANG_WARN_INT_CONVERSION = YES;
				CLANG_WARN_NON_LITERAL_NULL_CONVERSION = YES;
				CLANG_WARN_OBJC_IMPLICIT_RETAIN_SELF = YES;
				CLANG_WARN_OBJC_LITERAL_CONVERSION = YES;
				CLANG_WARN_OBJC_ROOT_CLASS = YES_ERROR;
				CLANG_WARN_RANGE_LOOP_ANALYSIS = YES;
				CLANG_WARN_STRICT_PROTOTYPES = YES;
				CLANG_WARN_SUSPICIOUS_MOVE = YES;
				CLANG_WARN_UNGUARDED_AVAILABILITY = YES_AGGRESSIVE;
				CLANG_WARN_UNREACHABLE_CODE = YES;
				CLANG_WARN__DUPLICATE_METHOD_MATCH = YES;
				CODE_SIGN_IDENTITY = "iPhone Developer";
				COPY_PHASE_STRIP = NO;
				DEBUG_INFORMATION_FORMAT = dwarf;
				ENABLE_STRICT_OBJC_MSGSEND = YES;
				ENABLE_TESTABILITY = YES;
				GCC_C_LANGUAGE_STANDARD = gnu11;
				GCC_DYNAMIC_NO_PIC = NO;
				GCC_NO_COMMON_BLOCKS = YES;
				GCC_OPTIMIZATION_LEVEL = 0;
				GCC_PREPROCESSOR_DEFINITIONS = (
					"DEBUG=1",
					"$(inherited)",
				);
				GCC_WARN_64_TO_32_BIT_CONVERSION = YES;
				GCC_WARN_ABOUT_RETURN_TYPE = YES_ERROR;
				GCC_WARN_UNDECLARED_SELECTOR = YES;
				GCC_WARN_UNINITIALIZED_AUTOS = YES_AGGRESSIVE;
				GCC_WARN_UNUSED_FUNCTION = YES;
				GCC_WARN_UNUSED_VARIABLE = YES;
				IPHONEOS_DEPLOYMENT_TARGET = 12.0;
				MTL_ENABLE_DEBUG_INFO = INCLUDE_SOURCE;
				MTL_FAST_MATH = YES;
				ONLY_ACTIVE_ARCH = YES;
				SDKROOT = iphoneos;
			};
			name = Debug;
		};
		2762F14421903EBF002AE6A6 /* Release */ = {
			isa = XCBuildConfiguration;
			buildSettings = {
				ALWAYS_SEARCH_USER_PATHS = NO;
				CLANG_ANALYZER_NONNULL = YES;
				CLANG_ANALYZER_NUMBER_OBJECT_CONVERSION = YES_AGGRESSIVE;
				CLANG_CXX_LANGUAGE_STANDARD = "gnu++14";
				CLANG_CXX_LIBRARY = "libc++";
				CLANG_ENABLE_MODULES = YES;
				CLANG_ENABLE_OBJC_ARC = YES;
				CLANG_ENABLE_OBJC_WEAK = YES;
				CLANG_WARN_BLOCK_CAPTURE_AUTORELEASING = YES;
				CLANG_WARN_BOOL_CONVERSION = YES;
				CLANG_WARN_COMMA = YES;
				CLANG_WARN_CONSTANT_CONVERSION = YES;
				CLANG_WARN_DEPRECATED_OBJC_IMPLEMENTATIONS = YES;
				CLANG_WARN_DIRECT_OBJC_ISA_USAGE = YES_ERROR;
				CLANG_WARN_DOCUMENTATION_COMMENTS = YES;
				CLANG_WARN_EMPTY_BODY = YES;
				CLANG_WARN_ENUM_CONVERSION = YES;
				CLANG_WARN_INFINITE_RECURSION = YES;
				CLANG_WARN_INT_CONVERSION = YES;
				CLANG_WARN_NON_LITERAL_NULL_CONVERSION = YES;
				CLANG_WARN_OBJC_IMPLICIT_RETAIN_SELF = YES;
				CLANG_WARN_OBJC_LITERAL_CONVERSION = YES;
				CLANG_WARN_OBJC_ROOT_CLASS = YES_ERROR;
				CLANG_WARN_RANGE_LOOP_ANALYSIS = YES;
				CLANG_WARN_STRICT_PROTOTYPES = YES;
				CLANG_WARN_SUSPICIOUS_MOVE = YES;
				CLANG_WARN_UNGUARDED_AVAILABILITY = YES_AGGRESSIVE;
				CLANG_WARN_UNREACHABLE_CODE = YES;
				CLANG_WARN__DUPLICATE_METHOD_MATCH = YES;
				CODE_SIGN_IDENTITY = "iPhone Developer";
				COPY_PHASE_STRIP = NO;
				DEBUG_INFORMATION_FORMAT = "dwarf-with-dsym";
				ENABLE_NS_ASSERTIONS = NO;
				ENABLE_STRICT_OBJC_MSGSEND = YES;
				GCC_C_LANGUAGE_STANDARD = gnu11;
				GCC_NO_COMMON_BLOCKS = YES;
				GCC_WARN_64_TO_32_BIT_CONVERSION = YES;
				GCC_WARN_ABOUT_RETURN_TYPE = YES_ERROR;
				GCC_WARN_UNDECLARED_SELECTOR = YES;
				GCC_WARN_UNINITIALIZED_AUTOS = YES_AGGRESSIVE;
				GCC_WARN_UNUSED_FUNCTION = YES;
				GCC_WARN_UNUSED_VARIABLE = YES;
				IPHONEOS_DEPLOYMENT_TARGET = 12.0;
				MTL_ENABLE_DEBUG_INFO = NO;
				MTL_FAST_MATH = YES;
				SDKROOT = iphoneos;
				VALIDATE_PRODUCT = YES;
			};
			name = Release;
		};
		2762F14621903EBF002AE6A6 /* Debug */ = {
			isa = XCBuildConfiguration;
			buildSettings = {
				ASSETCATALOG_COMPILER_APPICON_NAME = AppIcon;
				CODE_SIGN_STYLE = Automatic;
				INFOPLIST_FILE = "竖向滑动选项卡/Info.plist";
				LD_RUNPATH_SEARCH_PATHS = (
					"$(inherited)",
					"@executable_path/Frameworks",
				);
				PRODUCT_BUNDLE_IDENTIFIER = "yyq.-------";
				PRODUCT_NAME = "$(TARGET_NAME)";
				TARGETED_DEVICE_FAMILY = "1,2";
			};
			name = Debug;
		};
		2762F14721903EBF002AE6A6 /* Release */ = {
			isa = XCBuildConfiguration;
			buildSettings = {
				ASSETCATALOG_COMPILER_APPICON_NAME = AppIcon;
				CODE_SIGN_STYLE = Automatic;
				INFOPLIST_FILE = "竖向滑动选项卡/Info.plist";
				LD_RUNPATH_SEARCH_PATHS = (
					"$(inherited)",
					"@executable_path/Frameworks",
				);
				PRODUCT_BUNDLE_IDENTIFIER = "yyq.-------";
				PRODUCT_NAME = "$(TARGET_NAME)";
				TARGETED_DEVICE_FAMILY = "1,2";
			};
			name = Release;
		};
		2762F14921903EBF002AE6A6 /* Debug */ = {
			isa = XCBuildConfiguration;
			buildSettings = {
				BUNDLE_LOADER = "$(TEST_HOST)";
				CODE_SIGN_STYLE = Automatic;
				INFOPLIST_FILE = "竖向滑动选项卡Tests/Info.plist";
				LD_RUNPATH_SEARCH_PATHS = (
					"$(inherited)",
					"@executable_path/Frameworks",
					"@loader_path/Frameworks",
				);
				PRODUCT_BUNDLE_IDENTIFIER = "yyq.-------Tests";
				PRODUCT_NAME = "$(TARGET_NAME)";
				TARGETED_DEVICE_FAMILY = "1,2";
				TEST_HOST = "$(BUILT_PRODUCTS_DIR)/竖向滑动选项卡.app/竖向滑动选项卡";
			};
			name = Debug;
		};
		2762F14A21903EBF002AE6A6 /* Release */ = {
			isa = XCBuildConfiguration;
			buildSettings = {
				BUNDLE_LOADER = "$(TEST_HOST)";
				CODE_SIGN_STYLE = Automatic;
				INFOPLIST_FILE = "竖向滑动选项卡Tests/Info.plist";
				LD_RUNPATH_SEARCH_PATHS = (
					"$(inherited)",
					"@executable_path/Frameworks",
					"@loader_path/Frameworks",
				);
				PRODUCT_BUNDLE_IDENTIFIER = "yyq.-------Tests";
				PRODUCT_NAME = "$(TARGET_NAME)";
				TARGETED_DEVICE_FAMILY = "1,2";
				TEST_HOST = "$(BUILT_PRODUCTS_DIR)/竖向滑动选项卡.app/竖向滑动选项卡";
			};
			name = Release;
		};
		2762F14C21903EBF002AE6A6 /* Debug */ = {
			isa = XCBuildConfiguration;
			buildSettings = {
				CODE_SIGN_STYLE = Automatic;
				INFOPLIST_FILE = "竖向滑动选项卡UITests/Info.plist";
				LD_RUNPATH_SEARCH_PATHS = (
					"$(inherited)",
					"@executable_path/Frameworks",
					"@loader_path/Frameworks",
				);
				PRODUCT_BUNDLE_IDENTIFIER = "yyq.-------UITests";
				PRODUCT_NAME = "$(TARGET_NAME)";
				TARGETED_DEVICE_FAMILY = "1,2";
				TEST_TARGET_NAME = "竖向滑动选项卡";
			};
			name = Debug;
		};
		2762F14D21903EBF002AE6A6 /* Release */ = {
			isa = XCBuildConfiguration;
			buildSettings = {
				CODE_SIGN_STYLE = Automatic;
				INFOPLIST_FILE = "竖向滑动选项卡UITests/Info.plist";
				LD_RUNPATH_SEARCH_PATHS = (
					"$(inherited)",
					"@executable_path/Frameworks",
					"@loader_path/Frameworks",
				);
				PRODUCT_BUNDLE_IDENTIFIER = "yyq.-------UITests";
				PRODUCT_NAME = "$(TARGET_NAME)";
				TARGETED_DEVICE_FAMILY = "1,2";
				TEST_TARGET_NAME = "竖向滑动选项卡";
			};
			name = Release;
		};
/* End XCBuildConfiguration section */

/* Begin XCConfigurationList section */
		2762F11421903EB0002AE6A6 /* Build configuration list for PBXProject "竖向滑动选项卡" */ = {
			isa = XCConfigurationList;
			buildConfigurations = (
				2762F14321903EBF002AE6A6 /* Debug */,
				2762F14421903EBF002AE6A6 /* Release */,
			);
			defaultConfigurationIsVisible = 0;
			defaultConfigurationName = Release;
		};
		2762F14521903EBF002AE6A6 /* Build configuration list for PBXNativeTarget "竖向滑动选项卡" */ = {
			isa = XCConfigurationList;
			buildConfigurations = (
				2762F14621903EBF002AE6A6 /* Debug */,
				2762F14721903EBF002AE6A6 /* Release */,
			);
			defaultConfigurationIsVisible = 0;
			defaultConfigurationName = Release;
		};
		2762F14821903EBF002AE6A6 /* Build configuration list for PBXNativeTarget "竖向滑动选项卡Tests" */ = {
			isa = XCConfigurationList;
			buildConfigurations = (
				2762F14921903EBF002AE6A6 /* Debug */,
				2762F14A21903EBF002AE6A6 /* Release */,
			);
			defaultConfigurationIsVisible = 0;
			defaultConfigurationName = Release;
		};
		2762F14B21903EBF002AE6A6 /* Build configuration list for PBXNativeTarget "竖向滑动选项卡UITests" */ = {
			isa = XCConfigurationList;
			buildConfigurations = (
				2762F14C21903EBF002AE6A6 /* Debug */,
				2762F14D21903EBF002AE6A6 /* Release */,
			);
			defaultConfigurationIsVisible = 0;
			defaultConfigurationName = Release;
		};
/* End XCConfigurationList section */
	};
	rootObject = 2762F11121903EB0002AE6A6 /* Project object */;
}
